{
    "version": 3,
    "terraform_version": "0.11.7",
    "serial": 15,
    "lineage": "36c984e8-945a-c383-d9e4-5dafa15babd4",
    "modules": [
        {
            "path": [
                "root"
            ],
            "outputs": {
                "igw_id": {
                    "sensitive": false,
                    "type": "string",
                    "value": "igw-2722f843"
                },
                "nat_eips_id": {
                    "sensitive": false,
                    "type": "list",
                    "value": [
                        "eipalloc-d5c8e3ef"
                    ]
                },
                "nat_eips_public_ips": {
                    "sensitive": false,
                    "type": "list",
                    "value": [
                        "18.228.27.79"
                    ]
                },
                "natgw_ids": {
                    "sensitive": false,
                    "type": "list",
                    "value": [
                        "nat-06fca7c01087573e0"
                    ]
                },
                "private_subnets": {
                    "sensitive": false,
                    "type": "list",
                    "value": [
                        "subnet-c9383aae",
                        "subnet-69637631"
                    ]
                },
                "public_subnets": {
                    "sensitive": false,
                    "type": "list",
                    "value": [
                        "subnet-23c0c244",
                        "subnet-11617449"
                    ]
                },
                "vpc_id": {
                    "sensitive": false,
                    "type": "string",
                    "value": "vpc-db881dbc"
                }
            },
            "resources": {
                "aws_eip.ipwan": {
                    "type": "aws_eip",
                    "depends_on": [
                        "aws_internet_gateway.IG"
                    ],
                    "primary": {
                        "id": "eipalloc-d5c8e3ef",
                        "attributes": {
                            "association_id": "",
                            "domain": "vpc",
                            "id": "eipalloc-d5c8e3ef",
                            "instance": "",
                            "network_interface": "",
                            "private_ip": "",
                            "public_ip": "18.228.27.79",
                            "vpc": "true"
                        },
                        "meta": {},
                        "tainted": false
                    },
                    "deposed": [],
                    "provider": "provider.aws"
                },
                "aws_internet_gateway.IG": {
                    "type": "aws_internet_gateway",
                    "depends_on": [
                        "aws_vpc.VPC"
                    ],
                    "primary": {
                        "id": "igw-2722f843",
                        "attributes": {
                            "id": "igw-2722f843",
                            "tags.%": "1",
                            "tags.Name": "teste-estabilis-igw",
                            "vpc_id": "vpc-db881dbc"
                        },
                        "meta": {},
                        "tainted": false
                    },
                    "deposed": [],
                    "provider": "provider.aws"
                },
                "aws_nat_gateway.GW": {
                    "type": "aws_nat_gateway",
                    "depends_on": [
                        "aws_eip.ipwan.*",
                        "aws_internet_gateway.IG",
                        "aws_subnet.public.*"
                    ],
                    "primary": {
                        "id": "nat-06fca7c01087573e0",
                        "attributes": {
                            "allocation_id": "eipalloc-d5c8e3ef",
                            "id": "nat-06fca7c01087573e0",
                            "network_interface_id": "eni-15e20e1b",
                            "private_ip": "192.168.0.234",
                            "public_ip": "18.228.27.79",
                            "subnet_id": "subnet-23c0c244",
                            "tags.%": "0"
                        },
                        "meta": {},
                        "tainted": false
                    },
                    "deposed": [],
                    "provider": "provider.aws"
                },
                "aws_route.private_nat_gateway.0": {
                    "type": "aws_route",
                    "depends_on": [
                        "aws_nat_gateway.GW",
                        "aws_nat_gateway.GW.*",
                        "aws_route_table.private.*"
                    ],
                    "primary": {
                        "id": "r-rtb-09a13c6e1080289494",
                        "attributes": {
                            "destination_cidr_block": "0.0.0.0/0",
                            "destination_prefix_list_id": "",
                            "egress_only_gateway_id": "",
                            "gateway_id": "",
                            "id": "r-rtb-09a13c6e1080289494",
                            "instance_id": "",
                            "instance_owner_id": "",
                            "nat_gateway_id": "nat-06fca7c01087573e0",
                            "network_interface_id": "",
                            "origin": "CreateRoute",
                            "route_table_id": "rtb-09a13c6e",
                            "state": "active",
                            "vpc_peering_connection_id": ""
                        },
                        "meta": {},
                        "tainted": false
                    },
                    "deposed": [],
                    "provider": "provider.aws"
                },
                "aws_route.private_nat_gateway.1": {
                    "type": "aws_route",
                    "depends_on": [
                        "aws_nat_gateway.GW",
                        "aws_nat_gateway.GW.*",
                        "aws_route_table.private.*"
                    ],
                    "primary": {
                        "id": "r-rtb-50a03d371080289494",
                        "attributes": {
                            "destination_cidr_block": "0.0.0.0/0",
                            "destination_prefix_list_id": "",
                            "egress_only_gateway_id": "",
                            "gateway_id": "",
                            "id": "r-rtb-50a03d371080289494",
                            "instance_id": "",
                            "instance_owner_id": "",
                            "nat_gateway_id": "nat-06fca7c01087573e0",
                            "network_interface_id": "",
                            "origin": "CreateRoute",
                            "route_table_id": "rtb-50a03d37",
                            "state": "active",
                            "vpc_peering_connection_id": ""
                        },
                        "meta": {},
                        "tainted": false
                    },
                    "deposed": [],
                    "provider": "provider.aws"
                },
                "aws_route.public_internet_gateway": {
                    "type": "aws_route",
                    "depends_on": [
                        "aws_internet_gateway.IG",
                        "aws_route_table.public"
                    ],
                    "primary": {
                        "id": "r-rtb-dca33ebb1080289494",
                        "attributes": {
                            "destination_cidr_block": "0.0.0.0/0",
                            "destination_prefix_list_id": "",
                            "egress_only_gateway_id": "",
                            "gateway_id": "igw-2722f843",
                            "id": "r-rtb-dca33ebb1080289494",
                            "instance_id": "",
                            "instance_owner_id": "",
                            "nat_gateway_id": "",
                            "network_interface_id": "",
                            "origin": "CreateRoute",
                            "route_table_id": "rtb-dca33ebb",
                            "state": "active",
                            "vpc_peering_connection_id": ""
                        },
                        "meta": {},
                        "tainted": false
                    },
                    "deposed": [],
                    "provider": "provider.aws"
                },
                "aws_route_table.private.0": {
                    "type": "aws_route_table",
                    "depends_on": [
                        "aws_vpc.VPC"
                    ],
                    "primary": {
                        "id": "rtb-09a13c6e",
                        "attributes": {
                            "id": "rtb-09a13c6e",
                            "propagating_vgws.#": "0",
                            "route.#": "0",
                            "tags.%": "1",
                            "tags.Name": "teste-estabilis-rt-private-sa-east-1a",
                            "vpc_id": "vpc-db881dbc"
                        },
                        "meta": {},
                        "tainted": false
                    },
                    "deposed": [],
                    "provider": "provider.aws"
                },
                "aws_route_table.private.1": {
                    "type": "aws_route_table",
                    "depends_on": [
                        "aws_vpc.VPC"
                    ],
                    "primary": {
                        "id": "rtb-50a03d37",
                        "attributes": {
                            "id": "rtb-50a03d37",
                            "propagating_vgws.#": "0",
                            "route.#": "0",
                            "tags.%": "1",
                            "tags.Name": "teste-estabilis-rt-private-sa-east-1c",
                            "vpc_id": "vpc-db881dbc"
                        },
                        "meta": {},
                        "tainted": false
                    },
                    "deposed": [],
                    "provider": "provider.aws"
                },
                "aws_route_table.public": {
                    "type": "aws_route_table",
                    "depends_on": [
                        "aws_vpc.VPC"
                    ],
                    "primary": {
                        "id": "rtb-dca33ebb",
                        "attributes": {
                            "id": "rtb-dca33ebb",
                            "propagating_vgws.#": "0",
                            "route.#": "0",
                            "tags.%": "1",
                            "tags.Name": "teste-estabilis-rt-public",
                            "vpc_id": "vpc-db881dbc"
                        },
                        "meta": {},
                        "tainted": false
                    },
                    "deposed": [],
                    "provider": "provider.aws"
                },
                "aws_route_table_association.private.0": {
                    "type": "aws_route_table_association",
                    "depends_on": [
                        "aws_route_table.private.*",
                        "aws_subnet.private.*"
                    ],
                    "primary": {
                        "id": "rtbassoc-4990f42f",
                        "attributes": {
                            "id": "rtbassoc-4990f42f",
                            "route_table_id": "rtb-09a13c6e",
                            "subnet_id": "subnet-c9383aae"
                        },
                        "meta": {},
                        "tainted": false
                    },
                    "deposed": [],
                    "provider": "provider.aws"
                },
                "aws_route_table_association.private.1": {
                    "type": "aws_route_table_association",
                    "depends_on": [
                        "aws_route_table.private.*",
                        "aws_subnet.private.*"
                    ],
                    "primary": {
                        "id": "rtbassoc-5690f430",
                        "attributes": {
                            "id": "rtbassoc-5690f430",
                            "route_table_id": "rtb-50a03d37",
                            "subnet_id": "subnet-69637631"
                        },
                        "meta": {},
                        "tainted": false
                    },
                    "deposed": [],
                    "provider": "provider.aws"
                },
                "aws_route_table_association.public.0": {
                    "type": "aws_route_table_association",
                    "depends_on": [
                        "aws_route_table.public",
                        "aws_subnet.public.*"
                    ],
                    "primary": {
                        "id": "rtbassoc-6e97f308",
                        "attributes": {
                            "id": "rtbassoc-6e97f308",
                            "route_table_id": "rtb-dca33ebb",
                            "subnet_id": "subnet-23c0c244"
                        },
                        "meta": {},
                        "tainted": false
                    },
                    "deposed": [],
                    "provider": "provider.aws"
                },
                "aws_route_table_association.public.1": {
                    "type": "aws_route_table_association",
                    "depends_on": [
                        "aws_route_table.public",
                        "aws_subnet.public.*"
                    ],
                    "primary": {
                        "id": "rtbassoc-158feb73",
                        "attributes": {
                            "id": "rtbassoc-158feb73",
                            "route_table_id": "rtb-dca33ebb",
                            "subnet_id": "subnet-11617449"
                        },
                        "meta": {},
                        "tainted": false
                    },
                    "deposed": [],
                    "provider": "provider.aws"
                },
                "aws_subnet.private.0": {
                    "type": "aws_subnet",
                    "depends_on": [
                        "aws_vpc.VPC"
                    ],
                    "primary": {
                        "id": "subnet-c9383aae",
                        "attributes": {
                            "assign_ipv6_address_on_creation": "false",
                            "availability_zone": "sa-east-1a",
                            "cidr_block": "192.168.2.0/24",
                            "id": "subnet-c9383aae",
                            "map_public_ip_on_launch": "false",
                            "tags.%": "1",
                            "tags.Name": "teste-estabilis-subnet-private-sa-east-1a",
                            "vpc_id": "vpc-db881dbc"
                        },
                        "meta": {
                            "schema_version": "1"
                        },
                        "tainted": false
                    },
                    "deposed": [],
                    "provider": "provider.aws"
                },
                "aws_subnet.private.1": {
                    "type": "aws_subnet",
                    "depends_on": [
                        "aws_vpc.VPC"
                    ],
                    "primary": {
                        "id": "subnet-69637631",
                        "attributes": {
                            "assign_ipv6_address_on_creation": "false",
                            "availability_zone": "sa-east-1c",
                            "cidr_block": "192.168.3.0/24",
                            "id": "subnet-69637631",
                            "map_public_ip_on_launch": "false",
                            "tags.%": "1",
                            "tags.Name": "teste-estabilis-subnet-private-sa-east-1c",
                            "vpc_id": "vpc-db881dbc"
                        },
                        "meta": {
                            "schema_version": "1"
                        },
                        "tainted": false
                    },
                    "deposed": [],
                    "provider": "provider.aws"
                },
                "aws_subnet.public.0": {
                    "type": "aws_subnet",
                    "depends_on": [
                        "aws_vpc.VPC"
                    ],
                    "primary": {
                        "id": "subnet-23c0c244",
                        "attributes": {
                            "assign_ipv6_address_on_creation": "false",
                            "availability_zone": "sa-east-1a",
                            "cidr_block": "192.168.0.0/24",
                            "id": "subnet-23c0c244",
                            "map_public_ip_on_launch": "true",
                            "tags.%": "1",
                            "tags.Name": "teste-estabilis-subnet-public-sa-east-1a",
                            "vpc_id": "vpc-db881dbc"
                        },
                        "meta": {
                            "schema_version": "1"
                        },
                        "tainted": false
                    },
                    "deposed": [],
                    "provider": "provider.aws"
                },
                "aws_subnet.public.1": {
                    "type": "aws_subnet",
                    "depends_on": [
                        "aws_vpc.VPC"
                    ],
                    "primary": {
                        "id": "subnet-11617449",
                        "attributes": {
                            "assign_ipv6_address_on_creation": "false",
                            "availability_zone": "sa-east-1c",
                            "cidr_block": "192.168.1.0/24",
                            "id": "subnet-11617449",
                            "map_public_ip_on_launch": "true",
                            "tags.%": "1",
                            "tags.Name": "teste-estabilis-subnet-public-sa-east-1c",
                            "vpc_id": "vpc-db881dbc"
                        },
                        "meta": {
                            "schema_version": "1"
                        },
                        "tainted": false
                    },
                    "deposed": [],
                    "provider": "provider.aws"
                },
                "aws_vpc.VPC": {
                    "type": "aws_vpc",
                    "depends_on": [],
                    "primary": {
                        "id": "vpc-db881dbc",
                        "attributes": {
                            "assign_generated_ipv6_cidr_block": "false",
                            "cidr_block": "192.168.0.0/22",
                            "default_network_acl_id": "acl-0db63b6a",
                            "default_route_table_id": "rtb-41a13c26",
                            "default_security_group_id": "sg-ff83b799",
                            "dhcp_options_id": "dopt-b06198d4",
                            "enable_classiclink": "false",
                            "enable_classiclink_dns_support": "false",
                            "enable_dns_hostnames": "true",
                            "enable_dns_support": "true",
                            "id": "vpc-db881dbc",
                            "instance_tenancy": "default",
                            "main_route_table_id": "rtb-41a13c26",
                            "tags.%": "1",
                            "tags.Name": "teste-estabilis"
                        },
                        "meta": {
                            "schema_version": "1"
                        },
                        "tainted": false
                    },
                    "deposed": [],
                    "provider": "provider.aws"
                }
            },
            "depends_on": []
        }
    ]
}
