{
    "version": 3,
    "terraform_version": "0.11.7",
    "serial": 12,
    "lineage": "cb7d90f6-e4f4-6e70-1b32-d3f64818ed43",
    "modules": [
        {
            "path": [
                "root"
            ],
            "outputs": {
                "public_ip_address": {
                    "sensitive": false,
                    "type": "list",
                    "value": [
                        "i-0e4dcfbea22de972f"
                    ]
                }
            },
            "resources": {
                "aws_instance.estabilis_priv": {
                    "type": "aws_instance",
                    "depends_on": [
                        "aws_security_group.ec2",
                        "data.terraform_remote_state.vpc"
                    ],
                    "primary": {
                        "id": "i-079617d63393099ae",
                        "attributes": {
                            "ami": "ami-a61243ca",
                            "associate_public_ip_address": "true",
                            "availability_zone": "sa-east-1a",
                            "credit_specification.#": "1",
                            "credit_specification.0.cpu_credits": "standard",
                            "disable_api_termination": "false",
                            "ebs_block_device.#": "0",
                            "ebs_optimized": "false",
                            "ephemeral_block_device.#": "0",
                            "get_password_data": "false",
                            "iam_instance_profile": "",
                            "id": "i-079617d63393099ae",
                            "instance_state": "running",
                            "instance_type": "t2.micro",
                            "ipv6_addresses.#": "0",
                            "key_name": "estabilis",
                            "monitoring": "false",
                            "network_interface.#": "0",
                            "network_interface_id": "eni-f4ff13fa",
                            "password_data": "",
                            "placement_group": "",
                            "primary_network_interface_id": "eni-f4ff13fa",
                            "private_dns": "ip-192-168-2-121.sa-east-1.compute.internal",
                            "private_ip": "192.168.2.121",
                            "public_dns": "ec2-18-231-190-69.sa-east-1.compute.amazonaws.com",
                            "public_ip": "18.231.190.69",
                            "root_block_device.#": "1",
                            "root_block_device.0.delete_on_termination": "true",
                            "root_block_device.0.iops": "100",
                            "root_block_device.0.volume_id": "vol-0b80d98f47c1b71c8",
                            "root_block_device.0.volume_size": "20",
                            "root_block_device.0.volume_type": "gp2",
                            "security_groups.#": "0",
                            "source_dest_check": "true",
                            "subnet_id": "subnet-c9383aae",
                            "tags.%": "1",
                            "tags.Name": "teste_estabilis",
                            "tenancy": "default",
                            "volume_tags.%": "0",
                            "vpc_security_group_ids.#": "1",
                            "vpc_security_group_ids.798804956": "sg-2c72454a"
                        },
                        "meta": {
                            "e2bfb730-ecaa-11e6-8f88-34363bc7c4c0": {
                                "create": 600000000000,
                                "delete": 1200000000000,
                                "update": 600000000000
                            },
                            "schema_version": "1"
                        },
                        "tainted": true
                    },
                    "deposed": [],
                    "provider": "provider.aws"
                },
                "aws_instance.estabilis_pub": {
                    "type": "aws_instance",
                    "depends_on": [
                        "aws_security_group.ec2",
                        "data.terraform_remote_state.vpc"
                    ],
                    "primary": {
                        "id": "i-0e4dcfbea22de972f",
                        "attributes": {
                            "ami": "ami-a61243ca",
                            "associate_public_ip_address": "true",
                            "availability_zone": "sa-east-1a",
                            "credit_specification.#": "1",
                            "credit_specification.0.cpu_credits": "standard",
                            "disable_api_termination": "false",
                            "ebs_block_device.#": "0",
                            "ebs_optimized": "false",
                            "ephemeral_block_device.#": "0",
                            "get_password_data": "false",
                            "iam_instance_profile": "",
                            "id": "i-0e4dcfbea22de972f",
                            "instance_state": "running",
                            "instance_type": "t2.micro",
                            "ipv6_addresses.#": "0",
                            "key_name": "estabilis",
                            "monitoring": "false",
                            "network_interface.#": "0",
                            "network_interface_id": "eni-c4fb17ca",
                            "password_data": "",
                            "placement_group": "",
                            "primary_network_interface_id": "eni-c4fb17ca",
                            "private_dns": "ip-192-168-0-118.sa-east-1.compute.internal",
                            "private_ip": "192.168.0.118",
                            "public_dns": "ec2-18-231-121-157.sa-east-1.compute.amazonaws.com",
                            "public_ip": "18.231.121.157",
                            "root_block_device.#": "1",
                            "root_block_device.0.delete_on_termination": "true",
                            "root_block_device.0.iops": "100",
                            "root_block_device.0.volume_id": "vol-0a688d39666a4328a",
                            "root_block_device.0.volume_size": "20",
                            "root_block_device.0.volume_type": "gp2",
                            "security_groups.#": "0",
                            "source_dest_check": "true",
                            "subnet_id": "subnet-23c0c244",
                            "tags.%": "1",
                            "tags.Name": "teste_estabilis",
                            "tenancy": "default",
                            "volume_tags.%": "0",
                            "vpc_security_group_ids.#": "1",
                            "vpc_security_group_ids.798804956": "sg-2c72454a"
                        },
                        "meta": {
                            "e2bfb730-ecaa-11e6-8f88-34363bc7c4c0": {
                                "create": 600000000000,
                                "delete": 1200000000000,
                                "update": 600000000000
                            },
                            "schema_version": "1"
                        },
                        "tainted": false
                    },
                    "deposed": [],
                    "provider": "provider.aws"
                },
                "aws_key_pair.key-public": {
                    "type": "aws_key_pair",
                    "depends_on": [],
                    "primary": {
                        "id": "estabilis",
                        "attributes": {
                            "id": "estabilis",
                            "key_name": "estabilis",
                            "public_key": "ssh-rsa AAAAB3NzaC1yc2EAAAADAQABAAACAQDJ8rcmBXp97rj+CgKr8sl7ie+xnzkkcvvSvCitvbSMsAo06RJjff8m4Cj4k0SjWwXN6mn0qRzYloIXZPE9TiO9oqWCVUjaZJOzDc+08TwwUiuyHg/nnZB2IULTC4q1vSHgsQvSSXddPTk0Xm0XA34ULdaTRQREbUrKReNxo4w61Mia8RRtJ98tLnrn/6mXNKt1QF9bufcwCVS98jSFI7AQ22JLhq1ECNN/ieaRfl4eMvKpHafCCnoAVhEDDnPJ2xh50w/0AXc4mdf4DNqU8bJSdfq7t4h5JUiJfsNXvElPjXKpNQy7HK+T2U68vLV3JyC8LwW46kuY8WGJ0Wr0Fp/YGZR4pb02EjKMR3D6VrzpXyhBGKmGW8AShiMZRY+/x14BacWay3lfe+g28q+Hu1Jx7r7xeMuKw5ELNdBmk3qTHBO8ZmxDAHhgHMhwCaKVzl0fuQv1cCX1Yk6t2U4aoBigJVTpkaG6yWS7y7ZpTKhPTNxOh2mAta/O7gWJegurKNgwwwJyens++HYlNzq6Oks++Lh/4BNgva+1gtQhUlEQ+LXAXuqMd/WzyvixkUEW7Mn77ZqjAtT1n12MffrEIhXhFf/D+y2TnOigxn2yi6QgRkfT3vzyRa7Q7Iw+EpdLIYTX/szPMLbzkSnld7W3gTn0sGa0okuZgeTMozMEd6pRgw== estabilis"
                        },
                        "meta": {
                            "schema_version": "1"
                        },
                        "tainted": false
                    },
                    "deposed": [],
                    "provider": "provider.aws"
                },
                "aws_security_group.ec2": {
                    "type": "aws_security_group",
                    "depends_on": [
                        "data.terraform_remote_state.vpc"
                    ],
                    "primary": {
                        "id": "sg-2c72454a",
                        "attributes": {
                            "arn": "arn:aws:ec2:sa-east-1:044165422585:security-group/sg-2c72454a",
                            "description": "Managed by Terraform",
                            "egress.#": "1",
                            "egress.482069346.cidr_blocks.#": "1",
                            "egress.482069346.cidr_blocks.0": "0.0.0.0/0",
                            "egress.482069346.description": "",
                            "egress.482069346.from_port": "0",
                            "egress.482069346.ipv6_cidr_blocks.#": "0",
                            "egress.482069346.prefix_list_ids.#": "0",
                            "egress.482069346.protocol": "-1",
                            "egress.482069346.security_groups.#": "0",
                            "egress.482069346.self": "false",
                            "egress.482069346.to_port": "0",
                            "id": "sg-2c72454a",
                            "ingress.#": "3",
                            "ingress.2214680975.cidr_blocks.#": "1",
                            "ingress.2214680975.cidr_blocks.0": "0.0.0.0/0",
                            "ingress.2214680975.description": "",
                            "ingress.2214680975.from_port": "80",
                            "ingress.2214680975.ipv6_cidr_blocks.#": "0",
                            "ingress.2214680975.protocol": "tcp",
                            "ingress.2214680975.security_groups.#": "0",
                            "ingress.2214680975.self": "false",
                            "ingress.2214680975.to_port": "80",
                            "ingress.2541437006.cidr_blocks.#": "1",
                            "ingress.2541437006.cidr_blocks.0": "0.0.0.0/0",
                            "ingress.2541437006.description": "",
                            "ingress.2541437006.from_port": "22",
                            "ingress.2541437006.ipv6_cidr_blocks.#": "0",
                            "ingress.2541437006.protocol": "tcp",
                            "ingress.2541437006.security_groups.#": "0",
                            "ingress.2541437006.self": "false",
                            "ingress.2541437006.to_port": "22",
                            "ingress.970639410.cidr_blocks.#": "1",
                            "ingress.970639410.cidr_blocks.0": "10.0.0.0/21",
                            "ingress.970639410.description": "",
                            "ingress.970639410.from_port": "0",
                            "ingress.970639410.ipv6_cidr_blocks.#": "0",
                            "ingress.970639410.protocol": "-1",
                            "ingress.970639410.security_groups.#": "0",
                            "ingress.970639410.self": "false",
                            "ingress.970639410.to_port": "0",
                            "name": "teste_estabilis",
                            "owner_id": "044165422585",
                            "revoke_rules_on_delete": "false",
                            "tags.%": "0",
                            "vpc_id": "vpc-db881dbc"
                        },
                        "meta": {
                            "e2bfb730-ecaa-11e6-8f88-34363bc7c4c0": {
                                "create": 600000000000,
                                "delete": 600000000000
                            },
                            "schema_version": "1"
                        },
                        "tainted": false
                    },
                    "deposed": [],
                    "provider": "provider.aws"
                },
                "data.terraform_remote_state.vpc": {
                    "type": "terraform_remote_state",
                    "depends_on": [],
                    "primary": {
                        "id": "2018-05-13 23:13:57.077530187 +0000 UTC",
                        "attributes": {
                            "backend": "local",
                            "config.%": "1",
                            "config.path": "../aws_vpc/terraform.tfstate",
                            "environment": "default",
                            "id": "2018-05-13 23:13:57.077530187 +0000 UTC",
                            "igw_id": "igw-2722f843",
                            "nat_eips_id.#": "1",
                            "nat_eips_id.0": "eipalloc-d5c8e3ef",
                            "nat_eips_public_ips.#": "1",
                            "nat_eips_public_ips.0": "18.228.27.79",
                            "natgw_ids.#": "1",
                            "natgw_ids.0": "nat-06fca7c01087573e0",
                            "private_subnets.#": "2",
                            "private_subnets.0": "subnet-c9383aae",
                            "private_subnets.1": "subnet-69637631",
                            "public_subnets.#": "2",
                            "public_subnets.0": "subnet-23c0c244",
                            "public_subnets.1": "subnet-11617449",
                            "vpc_id": "vpc-db881dbc",
                            "workspace": "default"
                        },
                        "meta": {},
                        "tainted": false
                    },
                    "deposed": [],
                    "provider": "provider.terraform"
                }
            },
            "depends_on": []
        }
    ]
}
